
Microsoft Visual Studio Solution File, Format Version 10.00
# Visual Studio 2008
Project("{FAE04EC0-301F-11D3-BF4B-00C04F79EFBC}") = "nTools.Utilities", "nTools.Utilities\nTools.Utilities.csproj", "{917602CC-78F0-4C3F-990A-BF2B00CB57FA}"
EndProject
Global
	GlobalSection(SolutionConfigurationPlatforms) = preSolution
		Debug|Any CPU = Debug|Any CPU
		Release|Any CPU = Release|Any CPU
	EndGlobalSection
	GlobalSection(ProjectConfigurationPlatforms) = postSolution
		{917602CC-78F0-4C3F-990A-BF2B00CB57FA}.Debug|Any CPU.ActiveCfg = Debug|Any CPU
		{917602CC-78F0-4C3F-990A-BF2B00CB57FA}.Debug|Any CPU.Build.0 = Debug|Any CPU
		{917602CC-78F0-4C3F-990A-BF2B00CB57FA}.Release|Any CPU.ActiveCfg = Release|Any CPU
		{917602CC-78F0-4C3F-990A-BF2B00CB57FA}.Release|Any CPU.Build.0 = Release|Any CPU
	EndGlobalSection
	GlobalSection(SolutionProperties) = preSolution
		HideSolutionNode = FALSE
	EndGlobalSection
EndGlobal
